<Solution>
  <Configurations>
    <Platform Name="ARM64" />
    <Platform Name="x64" />
    <Platform Name="x86" />
  </Configurations>
  <Folder Name="/Documentation/">
    <File Path="../../../../../Downloads/Documentation/ADR-026-Expected-Runtime-Cancellation-Handling.md" />
    <File Path="../../../../../Downloads/Documentation/ADR-028-Document-Surface-Window-Detach-Mode.md" />
    <File Path="../../../../../Downloads/Documentation/ADR-029-Window-Management-Standards.md" />
    <File Path="../../../../../Downloads/Documentation/ADR-030-Global-Document-Surface-UX-Migration.md" />
    <File Path="../../../../../Downloads/Documentation/ADR-031-Document-Surface-Visual-Separation-Standard.md" />
    <File Path="../../../../../Downloads/Documentation/ARCHITECTURE_STATUS.md" />
    <File Path="../../../../../Downloads/Documentation/CLAUDE_RULES.md" />
    <File Path="../../../../../Downloads/Documentation/DECISIONS.md" />
    <File Path="../../../../../Downloads/Documentation/KNOWN_ISSUES.md" />
    <File Path="../../../../../Downloads/Documentation/SESSION_2026-05-09_DOCUMENT_SURFACE_UX.md" />
    <File Path="docs/ARCHITECTURE_STATUS.md" />
    <File Path="docs/CLAUDE_RULES.md" />
    <File Path="docs/DECISIONS.md" />
    <File Path="docs/FINANZAS_OPERATIVAS.md" />
    <File Path="docs/KNOWN_ISSUES.md" />
    <File Path="docs/ROADMAP.md" />
    <File Path="docs/RUNTIME_SECURITY_ENFORCEMENT.md" />
    <File Path="docs/SECURITY_FOUNDATION.md" />
    <File Path="docs/VENTAS_OPERATIVAS.md" />
  </Folder>
  <Project Path="Ybridio.Application/Ybridio.Application.csproj" />
  <Project Path="Ybridio.Domain/Ybridio.Domain.csproj" />
  <Project Path="Ybridio.Infrastructure/Ybridio.Infrastructure.csproj" />
  <Project Path="Ybridio.WinUI/Ybridio.WinUI.csproj">
    <Platform Solution="*|ARM64" Project="ARM64" />
    <Platform Solution="*|x64" Project="x64" />
    <Platform Solution="*|x86" Project="x86" />
    <Deploy />
  </Project>
</Solution>
